
Microsoft Visual Studio Solution File, Format Version 12.00
# Visual Studio Version 17
VisualStudioVersion = 17.2.32519.379
MinimumVisualStudioVersion = 10.0.40219.1
Project("{9A19103F-16F7-4668-BE54-9A1E7A4F7556}") = "Atacado.Modelo", "Atacado.Modelo\Atacado.Modelo.csproj", "{E323DA6B-6823-4C8B-A725-20E32AA02563}"
EndProject
Project("{9A19103F-16F7-4668-BE54-9A1E7A4F7556}") = "Atacado.FakeDB", "Atacado.FakeDB\Atacado.FakeDB.csproj", "{7486C57F-B9A4-4DD9-9CAE-6FDE0A60C792}"
EndProject
Project("{9A19103F-16F7-4668-BE54-9A1E7A4F7556}") = "AtacadoWinApp", "AtacadoWinApp\AtacadoWinApp.csproj", "{ED55DD31-CE17-47FD-9DD4-9519469A5E33}"
EndProject
Project("{9A19103F-16F7-4668-BE54-9A1E7A4F7556}") = "DesafiosDaGripe01", "DesafiosDaGripe01\DesafiosDaGripe01.csproj", "{5468EAA7-A6E5-4BA8-AA2D-5BB50DDE37E2}"
EndProject
Project("{9A19103F-16F7-4668-BE54-9A1E7A4F7556}") = "DesafiosDaGripe02", "DesafiosDaGripe02\DesafiosDaGripe02.csproj", "{0C1ADAED-8080-4C2A-96E2-2F1A5B53A22C}"
EndProject
Project("{9A19103F-16F7-4668-BE54-9A1E7A4F7556}") = "Atacado.DAL", "Atacado.DAL\Atacado.DAL.csproj", "{6659BC34-87EC-4A97-8381-D87AE2F4F6D0}"
EndProject
Project("{9A19103F-16F7-4668-BE54-9A1E7A4F7556}") = "TesteAtacadoDAL", "TesteAtacadoDAL\TesteAtacadoDAL.csproj", "{CA768DA8-E345-4D6F-AC29-4F380C18B3C3}"
EndProject
Project("{FAE04EC0-301F-11D3-BF4B-00C04F79EFBC}") = "Atacado.POCO", "Atacado.POCO\Atacado.POCO.csproj", "{A73B1973-5561-4527-A49D-3E98962F52D5}"
EndProject
Project("{FAE04EC0-301F-11D3-BF4B-00C04F79EFBC}") = "Atacado.Map", "Atacado.Map\Atacado.Map.csproj", "{779F323A-AA5A-4B9D-BBDF-5CA9FFA8CFC5}"
EndProject
Project("{FAE04EC0-301F-11D3-BF4B-00C04F79EFBC}") = "TesteAtacadoMap", "TesteAtacadoMap\TesteAtacadoMap.csproj", "{5565B0AE-0B37-42C7-80D3-F0492712BE77}"
EndProject
Global
	GlobalSection(SolutionConfigurationPlatforms) = preSolution
		Debug|Any CPU = Debug|Any CPU
		Release|Any CPU = Release|Any CPU
	EndGlobalSection
	GlobalSection(ProjectConfigurationPlatforms) = postSolution
		{E323DA6B-6823-4C8B-A725-20E32AA02563}.Debug|Any CPU.ActiveCfg = Debug|Any CPU
		{E323DA6B-6823-4C8B-A725-20E32AA02563}.Debug|Any CPU.Build.0 = Debug|Any CPU
		{E323DA6B-6823-4C8B-A725-20E32AA02563}.Release|Any CPU.ActiveCfg = Release|Any CPU
		{E323DA6B-6823-4C8B-A725-20E32AA02563}.Release|Any CPU.Build.0 = Release|Any CPU
		{7486C57F-B9A4-4DD9-9CAE-6FDE0A60C792}.Debug|Any CPU.ActiveCfg = Debug|Any CPU
		{7486C57F-B9A4-4DD9-9CAE-6FDE0A60C792}.Debug|Any CPU.Build.0 = Debug|Any CPU
		{7486C57F-B9A4-4DD9-9CAE-6FDE0A60C792}.Release|Any CPU.ActiveCfg = Release|Any CPU
		{7486C57F-B9A4-4DD9-9CAE-6FDE0A60C792}.Release|Any CPU.Build.0 = Release|Any CPU
		{ED55DD31-CE17-47FD-9DD4-9519469A5E33}.Debug|Any CPU.ActiveCfg = Debug|Any CPU
		{ED55DD31-CE17-47FD-9DD4-9519469A5E33}.Debug|Any CPU.Build.0 = Debug|Any CPU
		{ED55DD31-CE17-47FD-9DD4-9519469A5E33}.Release|Any CPU.ActiveCfg = Release|Any CPU
		{ED55DD31-CE17-47FD-9DD4-9519469A5E33}.Release|Any CPU.Build.0 = Release|Any CPU
		{5468EAA7-A6E5-4BA8-AA2D-5BB50DDE37E2}.Debug|Any CPU.ActiveCfg = Debug|Any CPU
		{5468EAA7-A6E5-4BA8-AA2D-5BB50DDE37E2}.Debug|Any CPU.Build.0 = Debug|Any CPU
		{5468EAA7-A6E5-4BA8-AA2D-5BB50DDE37E2}.Release|Any CPU.ActiveCfg = Release|Any CPU
		{5468EAA7-A6E5-4BA8-AA2D-5BB50DDE37E2}.Release|Any CPU.Build.0 = Release|Any CPU
		{0C1ADAED-8080-4C2A-96E2-2F1A5B53A22C}.Debug|Any CPU.ActiveCfg = Debug|Any CPU
		{0C1ADAED-8080-4C2A-96E2-2F1A5B53A22C}.Debug|Any CPU.Build.0 = Debug|Any CPU
		{0C1ADAED-8080-4C2A-96E2-2F1A5B53A22C}.Release|Any CPU.ActiveCfg = Release|Any CPU
		{0C1ADAED-8080-4C2A-96E2-2F1A5B53A22C}.Release|Any CPU.Build.0 = Release|Any CPU
		{6659BC34-87EC-4A97-8381-D87AE2F4F6D0}.Debug|Any CPU.ActiveCfg = Debug|Any CPU
		{6659BC34-87EC-4A97-8381-D87AE2F4F6D0}.Debug|Any CPU.Build.0 = Debug|Any CPU
		{6659BC34-87EC-4A97-8381-D87AE2F4F6D0}.Release|Any CPU.ActiveCfg = Release|Any CPU
		{6659BC34-87EC-4A97-8381-D87AE2F4F6D0}.Release|Any CPU.Build.0 = Release|Any CPU
		{CA768DA8-E345-4D6F-AC29-4F380C18B3C3}.Debug|Any CPU.ActiveCfg = Debug|Any CPU
		{CA768DA8-E345-4D6F-AC29-4F380C18B3C3}.Debug|Any CPU.Build.0 = Debug|Any CPU
		{CA768DA8-E345-4D6F-AC29-4F380C18B3C3}.Release|Any CPU.ActiveCfg = Release|Any CPU
		{CA768DA8-E345-4D6F-AC29-4F380C18B3C3}.Release|Any CPU.Build.0 = Release|Any CPU
		{A73B1973-5561-4527-A49D-3E98962F52D5}.Debug|Any CPU.ActiveCfg = Debug|Any CPU
		{A73B1973-5561-4527-A49D-3E98962F52D5}.Debug|Any CPU.Build.0 = Debug|Any CPU
		{A73B1973-5561-4527-A49D-3E98962F52D5}.Release|Any CPU.ActiveCfg = Release|Any CPU
		{A73B1973-5561-4527-A49D-3E98962F52D5}.Release|Any CPU.Build.0 = Release|Any CPU
		{779F323A-AA5A-4B9D-BBDF-5CA9FFA8CFC5}.Debug|Any CPU.ActiveCfg = Debug|Any CPU
		{779F323A-AA5A-4B9D-BBDF-5CA9FFA8CFC5}.Debug|Any CPU.Build.0 = Debug|Any CPU
		{779F323A-AA5A-4B9D-BBDF-5CA9FFA8CFC5}.Release|Any CPU.ActiveCfg = Release|Any CPU
		{779F323A-AA5A-4B9D-BBDF-5CA9FFA8CFC5}.Release|Any CPU.Build.0 = Release|Any CPU
		{5565B0AE-0B37-42C7-80D3-F0492712BE77}.Debug|Any CPU.ActiveCfg = Debug|Any CPU
		{5565B0AE-0B37-42C7-80D3-F0492712BE77}.Debug|Any CPU.Build.0 = Debug|Any CPU
		{5565B0AE-0B37-42C7-80D3-F0492712BE77}.Release|Any CPU.ActiveCfg = Release|Any CPU
		{5565B0AE-0B37-42C7-80D3-F0492712BE77}.Release|Any CPU.Build.0 = Release|Any CPU
	EndGlobalSection
	GlobalSection(SolutionProperties) = preSolution
		HideSolutionNode = FALSE
	EndGlobalSection
	GlobalSection(ExtensibilityGlobals) = postSolution
		SolutionGuid = {DD193B41-7D36-43FF-9037-3C05FB3F45D0}
	EndGlobalSection
EndGlobal
